
Microsoft Visual Studio Solution File, Format Version 12.00
# Visual Studio 15
VisualStudioVersion = 15.0.27004.2006
MinimumVisualStudioVersion = 10.0.40219.1
Project("{FAE04EC0-301F-11D3-BF4B-00C04F79EFBC}") = "YandexTest", "YandexTest\YandexTest.csproj", "{7A2C2246-EF9A-4833-8510-FDB58E6CDF98}"
EndProject
Global
	GlobalSection(SolutionConfigurationPlatforms) = preSolution
		Debug|Any CPU = Debug|Any CPU
		Release|Any CPU = Release|Any CPU
	EndGlobalSection
	GlobalSection(ProjectConfigurationPlatforms) = postSolution
		{7A2C2246-EF9A-4833-8510-FDB58E6CDF98}.Debug|Any CPU.ActiveCfg = Debug|Any CPU
		{7A2C2246-EF9A-4833-8510-FDB58E6CDF98}.Debug|Any CPU.Build.0 = Debug|Any CPU
		{7A2C2246-EF9A-4833-8510-FDB58E6CDF98}.Release|Any CPU.ActiveCfg = Release|Any CPU
		{7A2C2246-EF9A-4833-8510-FDB58E6CDF98}.Release|Any CPU.Build.0 = Release|Any CPU
	EndGlobalSection
	GlobalSection(SolutionProperties) = preSolution
		HideSolutionNode = FALSE
	EndGlobalSection
	GlobalSection(ExtensibilityGlobals) = postSolution
		SolutionGuid = {4CF80B03-C6D6-47DC-A49F-92D88E8E8026}
	EndGlobalSection
EndGlobal
